
Microsoft Visual Studio Solution File, Format Version 12.00
# Visual Studio Version 17
VisualStudioVersion = 17.11.35208.52
MinimumVisualStudioVersion = 10.0.40219.1
Project("{FAE04EC0-301F-11D3-BF4B-00C04F79EFBC}") = "EmployeeProject", "EmployeeProject\EmployeeProject.csproj", "{3D096A4A-251E-4CFA-B402-9AF642AE4561}"
EndProject
Global
	GlobalSection(SolutionConfigurationPlatforms) = preSolution
		Debug|Any CPU = Debug|Any CPU
		Release|Any CPU = Release|Any CPU
	EndGlobalSection
	GlobalSection(ProjectConfigurationPlatforms) = postSolution
		{3D096A4A-251E-4CFA-B402-9AF642AE4561}.Debug|Any CPU.ActiveCfg = Debug|Any CPU
		{3D096A4A-251E-4CFA-B402-9AF642AE4561}.Debug|Any CPU.Build.0 = Debug|Any CPU
		{3D096A4A-251E-4CFA-B402-9AF642AE4561}.Release|Any CPU.ActiveCfg = Release|Any CPU
		{3D096A4A-251E-4CFA-B402-9AF642AE4561}.Release|Any CPU.Build.0 = Release|Any CPU
	EndGlobalSection
	GlobalSection(SolutionProperties) = preSolution
		HideSolutionNode = FALSE
	EndGlobalSection
	GlobalSection(ExtensibilityGlobals) = postSolution
		SolutionGuid = {E2407EF9-95D6-45A6-9FC0-ADA8AAC18008}
	EndGlobalSection
EndGlobal
